{
  "name": "nodejs",
  "lockfileVersion": 2,
  "requires": true,
  "packages": {
    "": {
      "dependencies": {
        "random": "^3.0.5",
        "seedrandom": "^3.0.5"
      }
    },
    "node_modules/random": {
      "version": "3.0.5",
      "resolved": "https://registry.npmjs.org/random/-/random-3.0.5.tgz",
      "integrity": "sha512-ANuFSZk8lB7kW4JekNHdyTSXH0rwzA+l9oeP646BBdoGXceG5AfdG+S9tbHI1saoOcbbUL3Fs6affbbyCDgobw==",
      "dependencies": {
        "seedrandom": "^3.0.5"
      },
      "engines": {
        "node": ">=10"
      }
    },
    "node_modules/seedrandom": {
      "version": "3.0.5",
      "resolved": "https://registry.npmjs.org/seedrandom/-/seedrandom-3.0.5.tgz",
      "integrity": "sha512-8OwmbklUNzwezjGInmZ+2clQmExQPvomqjL7LFqOYqtmuxRgQYqOD3mHaU+MvZn5FLUeVxVfQjwLZW/n/JFuqg=="
    }
  },
  "dependencies": {
    "random": {
      "version": "3.0.5",
      "resolved": "https://registry.npmjs.org/random/-/random-3.0.5.tgz",
      "integrity": "sha512-ANuFSZk8lB7kW4JekNHdyTSXH0rwzA+l9oeP646BBdoGXceG5AfdG+S9tbHI1saoOcbbUL3Fs6affbbyCDgobw==",
      "requires": {
        "seedrandom": "^3.0.5"
      }
    },
    "seedrandom": {
      "version": "3.0.5",
      "resolved": "https://registry.npmjs.org/seedrandom/-/seedrandom-3.0.5.tgz",
      "integrity": "sha512-8OwmbklUNzwezjGInmZ+2clQmExQPvomqjL7LFqOYqtmuxRgQYqOD3mHaU+MvZn5FLUeVxVfQjwLZW/n/JFuqg=="
    }
  }
}
